// !$*UTF8*$!
{
	archiveVersion = 1;
	classes = {
	};
	objectVersion = 46;
	objects = {

/* Begin PBXBuildFile section */
		EB013C5B174FE1A000B62BC8 /* 1.txt in CopyFiles */ = {isa = PBXBuildFile; fileRef = EBFE07981747D4E4005E5C25 /* 1.txt */; };
		EB013C5C174FE1A000B62BC8 /* 10.txt in CopyFiles */ = {isa = PBXBuildFile; fileRef = EBFE07991747D4E4005E5C25 /* 10.txt */; };
		EB013C5D174FE1A000B62BC8 /* 2.txt in CopyFiles */ = {isa = PBXBuildFile; fileRef = EBFE079A1747D4E4005E5C25 /* 2.txt */; };
		EB013C5E174FE1A000B62BC8 /* 3.txt in CopyFiles */ = {isa = PBXBuildFile; fileRef = EBFE079B1747D4E4005E5C25 /* 3.txt */; };
		EB013C5F174FE1A000B62BC8 /* 4.txt in CopyFiles */ = {isa = PBXBuildFile; fileRef = EBFE079C1747D4E4005E5C25 /* 4.txt */; };
		EB013C60174FE1A000B62BC8 /* 5.txt in CopyFiles */ = {isa = PBXBuildFile; fileRef = EBFE079D1747D4E4005E5C25 /* 5.txt */; };
		EB013C61174FE1A000B62BC8 /* 6.txt in CopyFiles */ = {isa = PBXBuildFile; fileRef = EBFE079E1747D4E4005E5C25 /* 6.txt */; };
		EB013C62174FE1A000B62BC8 /* 7.txt in CopyFiles */ = {isa = PBXBuildFile; fileRef = EBFE079F1747D4E4005E5C25 /* 7.txt */; };
		EB013C63174FE1A000B62BC8 /* 8.txt in CopyFiles */ = {isa = PBXBuildFile; fileRef = EBFE07A01747D4E4005E5C25 /* 8.txt */; };
		EB013C64174FE1A000B62BC8 /* 9.txt in CopyFiles */ = {isa = PBXBuildFile; fileRef = EBFE07A11747D4E4005E5C25 /* 9.txt */; };
		EB188E2517502E1C006CE55E /* ignoreList.txt in CopyFiles */ = {isa = PBXBuildFile; fileRef = EB188E2417502E16006CE55E /* ignoreList.txt */; };
		EB1BFF52174CFC84002BE230 /* email.cpp in Sources */ = {isa = PBXBuildFile; fileRef = EB1BFF3E174CFC84002BE230 /* email.cpp */; };
		EB1BFF53174CFC84002BE230 /* interface.cpp in Sources */ = {isa = PBXBuildFile; fileRef = EB1BFF40174CFC84002BE230 /* interface.cpp */; };
		EB1BFF54174CFC84002BE230 /* lcs.cpp in Sources */ = {isa = PBXBuildFile; fileRef = EB1BFF42174CFC84002BE230 /* lcs.cpp */; };
		EB1BFF55174CFC84002BE230 /* main.cpp in Sources */ = {isa = PBXBuildFile; fileRef = EB1BFF44174CFC84002BE230 /* main.cpp */; };
		EB1BFF56174CFC84002BE230 /* matcher.cpp in Sources */ = {isa = PBXBuildFile; fileRef = EB1BFF46174CFC84002BE230 /* matcher.cpp */; };
		EB1BFF57174CFC84002BE230 /* parser.cpp in Sources */ = {isa = PBXBuildFile; fileRef = EB1BFF48174CFC84002BE230 /* parser.cpp */; };
		EB1BFF58174CFC84002BE230 /* result.cpp in Sources */ = {isa = PBXBuildFile; fileRef = EB1BFF4A174CFC84002BE230 /* result.cpp */; };
		EB1BFF59174CFC84002BE230 /* stat.cpp in Sources */ = {isa = PBXBuildFile; fileRef = EB1BFF4C174CFC84002BE230 /* stat.cpp */; };
		EB1BFF5A174CFC84002BE230 /* stringAlgorithms.cpp in Sources */ = {isa = PBXBuildFile; fileRef = EB1BFF4E174CFC84002BE230 /* stringAlgorithms.cpp */; };
		EB1BFF5B174CFC84002BE230 /* user.cpp in Sources */ = {isa = PBXBuildFile; fileRef = EB1BFF50174CFC84002BE230 /* user.cpp */; };
		EB1BFF61174D0843002BE230 /* match.cpp in Sources */ = {isa = PBXBuildFile; fileRef = EB1BFF5F174D0843002BE230 /* match.cpp */; };
/* End PBXBuildFile section */

/* Begin PBXCopyFilesBuildPhase section */
		EBFE0757174790E2005E5C25 /* CopyFiles */ = {
			isa = PBXCopyFilesBuildPhase;
			buildActionMask = 12;
			dstPath = "";
			dstSubfolderSpec = 16;
			files = (
				EB188E2517502E1C006CE55E /* ignoreList.txt in CopyFiles */,
				EB013C5B174FE1A000B62BC8 /* 1.txt in CopyFiles */,
				EB013C5C174FE1A000B62BC8 /* 10.txt in CopyFiles */,
				EB013C5D174FE1A000B62BC8 /* 2.txt in CopyFiles */,
				EB013C5E174FE1A000B62BC8 /* 3.txt in CopyFiles */,
				EB013C5F174FE1A000B62BC8 /* 4.txt in CopyFiles */,
				EB013C60174FE1A000B62BC8 /* 5.txt in CopyFiles */,
				EB013C61174FE1A000B62BC8 /* 6.txt in CopyFiles */,
				EB013C62174FE1A000B62BC8 /* 7.txt in CopyFiles */,
				EB013C63174FE1A000B62BC8 /* 8.txt in CopyFiles */,
				EB013C64174FE1A000B62BC8 /* 9.txt in CopyFiles */,
			);
			runOnlyForDeploymentPostprocessing = 0;
		};
/* End PBXCopyFilesBuildPhase section */

/* Begin PBXFileReference section */
		EB188E2417502E16006CE55E /* ignoreList.txt */ = {isa = PBXFileReference; fileEncoding = 4; lastKnownFileType = text; path = ignoreList.txt; sourceTree = "<group>"; };
		EB1BFF3D174CFC84002BE230 /* displayWithPages.h */ = {isa = PBXFileReference; fileEncoding = 4; lastKnownFileType = sourcecode.c.h; path = displayWithPages.h; sourceTree = "<group>"; };
		EB1BFF3E174CFC84002BE230 /* email.cpp */ = {isa = PBXFileReference; fileEncoding = 4; lastKnownFileType = sourcecode.cpp.cpp; path = email.cpp; sourceTree = "<group>"; };
		EB1BFF3F174CFC84002BE230 /* email.h */ = {isa = PBXFileReference; fileEncoding = 4; lastKnownFileType = sourcecode.c.h; path = email.h; sourceTree = "<group>"; };
		EB1BFF40174CFC84002BE230 /* interface.cpp */ = {isa = PBXFileReference; fileEncoding = 4; lastKnownFileType = sourcecode.cpp.cpp; path = interface.cpp; sourceTree = "<group>"; };
		EB1BFF41174CFC84002BE230 /* interface.h */ = {isa = PBXFileReference; fileEncoding = 4; lastKnownFileType = sourcecode.c.h; path = interface.h; sourceTree = "<group>"; };
		EB1BFF42174CFC84002BE230 /* lcs.cpp */ = {isa = PBXFileReference; fileEncoding = 4; lastKnownFileType = sourcecode.cpp.cpp; path = lcs.cpp; sourceTree = "<group>"; };
		EB1BFF43174CFC84002BE230 /* lcs.h */ = {isa = PBXFileReference; fileEncoding = 4; lastKnownFileType = sourcecode.c.h; path = lcs.h; sourceTree = "<group>"; };
		EB1BFF44174CFC84002BE230 /* main.cpp */ = {isa = PBXFileReference; fileEncoding = 4; lastKnownFileType = sourcecode.cpp.cpp; path = main.cpp; sourceTree = "<group>"; };
		EB1BFF45174CFC84002BE230 /* main.h */ = {isa = PBXFileReference; fileEncoding = 4; lastKnownFileType = sourcecode.c.h; path = main.h; sourceTree = "<group>"; };
		EB1BFF46174CFC84002BE230 /* matcher.cpp */ = {isa = PBXFileReference; fileEncoding = 4; lastKnownFileType = sourcecode.cpp.cpp; path = matcher.cpp; sourceTree = "<group>"; };
		EB1BFF47174CFC84002BE230 /* matcher.h */ = {isa = PBXFileReference; fileEncoding = 4; lastKnownFileType = sourcecode.c.h; path = matcher.h; sourceTree = "<group>"; };
		EB1BFF48174CFC84002BE230 /* parser.cpp */ = {isa = PBXFileReference; fileEncoding = 4; lastKnownFileType = sourcecode.cpp.cpp; path = parser.cpp; sourceTree = "<group>"; };
		EB1BFF49174CFC84002BE230 /* parser.h */ = {isa = PBXFileReference; fileEncoding = 4; lastKnownFileType = sourcecode.c.h; path = parser.h; sourceTree = "<group>"; };
		EB1BFF4A174CFC84002BE230 /* result.cpp */ = {isa = PBXFileReference; fileEncoding = 4; lastKnownFileType = sourcecode.cpp.cpp; path = result.cpp; sourceTree = "<group>"; };
		EB1BFF4B174CFC84002BE230 /* result.h */ = {isa = PBXFileReference; fileEncoding = 4; lastKnownFileType = sourcecode.c.h; path = result.h; sourceTree = "<group>"; };
		EB1BFF4C174CFC84002BE230 /* stat.cpp */ = {isa = PBXFileReference; fileEncoding = 4; lastKnownFileType = sourcecode.cpp.cpp; path = stat.cpp; sourceTree = "<group>"; };
		EB1BFF4D174CFC84002BE230 /* stat.h */ = {isa = PBXFileReference; fileEncoding = 4; lastKnownFileType = sourcecode.c.h; path = stat.h; sourceTree = "<group>"; };
		EB1BFF4E174CFC84002BE230 /* stringAlgorithms.cpp */ = {isa = PBXFileReference; fileEncoding = 4; lastKnownFileType = sourcecode.cpp.cpp; path = stringAlgorithms.cpp; sourceTree = "<group>"; };
		EB1BFF4F174CFC84002BE230 /* stringAlgorithms.h */ = {isa = PBXFileReference; fileEncoding = 4; lastKnownFileType = sourcecode.c.h; path = stringAlgorithms.h; sourceTree = "<group>"; };
		EB1BFF50174CFC84002BE230 /* user.cpp */ = {isa = PBXFileReference; fileEncoding = 4; lastKnownFileType = sourcecode.cpp.cpp; path = user.cpp; sourceTree = "<group>"; };
		EB1BFF51174CFC84002BE230 /* user.h */ = {isa = PBXFileReference; fileEncoding = 4; lastKnownFileType = sourcecode.c.h; path = user.h; sourceTree = "<group>"; };
		EB1BFF5F174D0843002BE230 /* match.cpp */ = {isa = PBXFileReference; fileEncoding = 4; lastKnownFileType = sourcecode.cpp.cpp; path = match.cpp; sourceTree = "<group>"; };
		EB1BFF60174D0843002BE230 /* match.h */ = {isa = PBXFileReference; fileEncoding = 4; lastKnownFileType = sourcecode.c.h; path = match.h; sourceTree = "<group>"; };
		EBFE0759174790E2005E5C25 /* Strings */ = {isa = PBXFileReference; explicitFileType = "compiled.mach-o.executable"; includeInIndex = 0; path = Strings; sourceTree = BUILT_PRODUCTS_DIR; };
		EBFE07981747D4E4005E5C25 /* 1.txt */ = {isa = PBXFileReference; fileEncoding = 4; lastKnownFileType = text; path = 1.txt; sourceTree = "<group>"; };
		EBFE07991747D4E4005E5C25 /* 10.txt */ = {isa = PBXFileReference; fileEncoding = 4; lastKnownFileType = text; path = 10.txt; sourceTree = "<group>"; };
		EBFE079A1747D4E4005E5C25 /* 2.txt */ = {isa = PBXFileReference; fileEncoding = 4; lastKnownFileType = text; path = 2.txt; sourceTree = "<group>"; };
		EBFE079B1747D4E4005E5C25 /* 3.txt */ = {isa = PBXFileReference; fileEncoding = 4; lastKnownFileType = text; path = 3.txt; sourceTree = "<group>"; };
		EBFE079C1747D4E4005E5C25 /* 4.txt */ = {isa = PBXFileReference; fileEncoding = 4; lastKnownFileType = text; path = 4.txt; sourceTree = "<group>"; };
		EBFE079D1747D4E4005E5C25 /* 5.txt */ = {isa = PBXFileReference; fileEncoding = 4; lastKnownFileType = text; path = 5.txt; sourceTree = "<group>"; };
		EBFE079E1747D4E4005E5C25 /* 6.txt */ = {isa = PBXFileReference; fileEncoding = 4; lastKnownFileType = text; path = 6.txt; sourceTree = "<group>"; };
		EBFE079F1747D4E4005E5C25 /* 7.txt */ = {isa = PBXFileReference; fileEncoding = 4; lastKnownFileType = text; path = 7.txt; sourceTree = "<group>"; };
		EBFE07A01747D4E4005E5C25 /* 8.txt */ = {isa = PBXFileReference; fileEncoding = 4; lastKnownFileType = text; path = 8.txt; sourceTree = "<group>"; };
		EBFE07A11747D4E4005E5C25 /* 9.txt */ = {isa = PBXFileReference; fileEncoding = 4; lastKnownFileType = text; path = 9.txt; sourceTree = "<group>"; };
/* End PBXFileReference section */

/* Begin PBXFrameworksBuildPhase section */
		EBFE0756174790E2005E5C25 /* Frameworks */ = {
			isa = PBXFrameworksBuildPhase;
			buildActionMask = 2147483647;
			files = (
			);
			runOnlyForDeploymentPostprocessing = 0;
		};
/* End PBXFrameworksBuildPhase section */

/* Begin PBXGroup section */
		EBFE0750174790E2005E5C25 = {
			isa = PBXGroup;
			children = (
				EB188E2417502E16006CE55E /* ignoreList.txt */,
				EBFE07971747D4E4005E5C25 /* emails */,
				EBFE07651747911F005E5C25 /* src */,
				EBFE075A174790E2005E5C25 /* Products */,
			);
			sourceTree = "<group>";
		};
		EBFE075A174790E2005E5C25 /* Products */ = {
			isa = PBXGroup;
			children = (
				EBFE0759174790E2005E5C25 /* Strings */,
			);
			name = Products;
			sourceTree = "<group>";
		};
		EBFE07651747911F005E5C25 /* src */ = {
			isa = PBXGroup;
			children = (
				EB1BFF3D174CFC84002BE230 /* displayWithPages.h */,
				EB1BFF3E174CFC84002BE230 /* email.cpp */,
				EB1BFF3F174CFC84002BE230 /* email.h */,
				EB1BFF40174CFC84002BE230 /* interface.cpp */,
				EB1BFF41174CFC84002BE230 /* interface.h */,
				EB1BFF42174CFC84002BE230 /* lcs.cpp */,
				EB1BFF43174CFC84002BE230 /* lcs.h */,
				EB1BFF44174CFC84002BE230 /* main.cpp */,
				EB1BFF45174CFC84002BE230 /* main.h */,
				EB1BFF46174CFC84002BE230 /* matcher.cpp */,
				EB1BFF47174CFC84002BE230 /* matcher.h */,
				EB1BFF48174CFC84002BE230 /* parser.cpp */,
				EB1BFF49174CFC84002BE230 /* parser.h */,
				EB1BFF4A174CFC84002BE230 /* result.cpp */,
				EB1BFF4B174CFC84002BE230 /* result.h */,
				EB1BFF4C174CFC84002BE230 /* stat.cpp */,
				EB1BFF4D174CFC84002BE230 /* stat.h */,
				EB1BFF4E174CFC84002BE230 /* stringAlgorithms.cpp */,
				EB1BFF4F174CFC84002BE230 /* stringAlgorithms.h */,
				EB1BFF50174CFC84002BE230 /* user.cpp */,
				EB1BFF51174CFC84002BE230 /* user.h */,
				EB1BFF5F174D0843002BE230 /* match.cpp */,
				EB1BFF60174D0843002BE230 /* match.h */,
			);
			path = src;
			sourceTree = "<group>";
		};
		EBFE07971747D4E4005E5C25 /* emails */ = {
			isa = PBXGroup;
			children = (
				EBFE07981747D4E4005E5C25 /* 1.txt */,
				EBFE07991747D4E4005E5C25 /* 10.txt */,
				EBFE079A1747D4E4005E5C25 /* 2.txt */,
				EBFE079B1747D4E4005E5C25 /* 3.txt */,
				EBFE079C1747D4E4005E5C25 /* 4.txt */,
				EBFE079D1747D4E4005E5C25 /* 5.txt */,
				EBFE079E1747D4E4005E5C25 /* 6.txt */,
				EBFE079F1747D4E4005E5C25 /* 7.txt */,
				EBFE07A01747D4E4005E5C25 /* 8.txt */,
				EBFE07A11747D4E4005E5C25 /* 9.txt */,
			);
			path = emails;
			sourceTree = "<group>";
		};
/* End PBXGroup section */

/* Begin PBXNativeTarget section */
		EBFE0758174790E2005E5C25 /* Strings */ = {
			isa = PBXNativeTarget;
			buildConfigurationList = EBFE0762174790E2005E5C25 /* Build configuration list for PBXNativeTarget "Strings" */;
			buildPhases = (
				EBFE0755174790E2005E5C25 /* Sources */,
				EBFE0756174790E2005E5C25 /* Frameworks */,
				EBFE0757174790E2005E5C25 /* CopyFiles */,
			);
			buildRules = (
			);
			dependencies = (
			);
			name = Strings;
			productName = Strings;
			productReference = EBFE0759174790E2005E5C25 /* Strings */;
			productType = "com.apple.product-type.tool";
		};
/* End PBXNativeTarget section */

/* Begin PBXProject section */
		EBFE0751174790E2005E5C25 /* Project object */ = {
			isa = PBXProject;
			attributes = {
				LastUpgradeCheck = 0460;
				ORGANIZATIONNAME = feup;
			};
			buildConfigurationList = EBFE0754174790E2005E5C25 /* Build configuration list for PBXProject "Strings" */;
			compatibilityVersion = "Xcode 3.2";
			developmentRegion = English;
			hasScannedForEncodings = 0;
			knownRegions = (
				en,
			);
			mainGroup = EBFE0750174790E2005E5C25;
			productRefGroup = EBFE075A174790E2005E5C25 /* Products */;
			projectDirPath = "";
			projectRoot = "";
			targets = (
				EBFE0758174790E2005E5C25 /* Strings */,
			);
		};
/* End PBXProject section */

/* Begin PBXSourcesBuildPhase section */
		EBFE0755174790E2005E5C25 /* Sources */ = {
			isa = PBXSourcesBuildPhase;
			buildActionMask = 2147483647;
			files = (
				EB1BFF52174CFC84002BE230 /* email.cpp in Sources */,
				EB1BFF53174CFC84002BE230 /* interface.cpp in Sources */,
				EB1BFF54174CFC84002BE230 /* lcs.cpp in Sources */,
				EB1BFF55174CFC84002BE230 /* main.cpp in Sources */,
				EB1BFF56174CFC84002BE230 /* matcher.cpp in Sources */,
				EB1BFF57174CFC84002BE230 /* parser.cpp in Sources */,
				EB1BFF58174CFC84002BE230 /* result.cpp in Sources */,
				EB1BFF59174CFC84002BE230 /* stat.cpp in Sources */,
				EB1BFF5A174CFC84002BE230 /* stringAlgorithms.cpp in Sources */,
				EB1BFF5B174CFC84002BE230 /* user.cpp in Sources */,
				EB1BFF61174D0843002BE230 /* match.cpp in Sources */,
			);
			runOnlyForDeploymentPostprocessing = 0;
		};
/* End PBXSourcesBuildPhase section */

/* Begin XCBuildConfiguration section */
		EBFE0760174790E2005E5C25 /* Debug */ = {
			isa = XCBuildConfiguration;
			buildSettings = {
				ALWAYS_SEARCH_USER_PATHS = NO;
				ARCHS = "$(ARCHS_STANDARD_64_BIT)";
				CLANG_CXX_LANGUAGE_STANDARD = "gnu++0x";
				CLANG_CXX_LIBRARY = "libc++";
				CLANG_ENABLE_OBJC_ARC = YES;
				CLANG_WARN_CONSTANT_CONVERSION = YES;
				CLANG_WARN_EMPTY_BODY = YES;
				CLANG_WARN_ENUM_CONVERSION = YES;
				CLANG_WARN_INT_CONVERSION = YES;
				CLANG_WARN__DUPLICATE_METHOD_MATCH = YES;
				COPY_PHASE_STRIP = NO;
				GCC_C_LANGUAGE_STANDARD = gnu99;
				GCC_DYNAMIC_NO_PIC = NO;
				GCC_ENABLE_OBJC_EXCEPTIONS = YES;
				GCC_OPTIMIZATION_LEVEL = 0;
				GCC_PREPROCESSOR_DEFINITIONS = (
					"DEBUG=1",
					"$(inherited)",
				);
				GCC_SYMBOLS_PRIVATE_EXTERN = NO;
				GCC_WARN_64_TO_32_BIT_CONVERSION = YES;
				GCC_WARN_ABOUT_RETURN_TYPE = YES;
				GCC_WARN_UNINITIALIZED_AUTOS = YES;
				GCC_WARN_UNUSED_VARIABLE = YES;
				MACOSX_DEPLOYMENT_TARGET = 10.8;
				ONLY_ACTIVE_ARCH = YES;
				SDKROOT = macosx;
			};
			name = Debug;
		};
		EBFE0761174790E2005E5C25 /* Release */ = {
			isa = XCBuildConfiguration;
			buildSettings = {
				ALWAYS_SEARCH_USER_PATHS = NO;
				ARCHS = "$(ARCHS_STANDARD_64_BIT)";
				CLANG_CXX_LANGUAGE_STANDARD = "gnu++0x";
				CLANG_CXX_LIBRARY = "libc++";
				CLANG_ENABLE_OBJC_ARC = YES;
				CLANG_WARN_CONSTANT_CONVERSION = YES;
				CLANG_WARN_EMPTY_BODY = YES;
				CLANG_WARN_ENUM_CONVERSION = YES;
				CLANG_WARN_INT_CONVERSION = YES;
				CLANG_WARN__DUPLICATE_METHOD_MATCH = YES;
				COPY_PHASE_STRIP = YES;
				DEBUG_INFORMATION_FORMAT = "dwarf-with-dsym";
				GCC_C_LANGUAGE_STANDARD = gnu99;
				GCC_ENABLE_OBJC_EXCEPTIONS = YES;
				GCC_WARN_64_TO_32_BIT_CONVERSION = YES;
				GCC_WARN_ABOUT_RETURN_TYPE = YES;
				GCC_WARN_UNINITIALIZED_AUTOS = YES;
				GCC_WARN_UNUSED_VARIABLE = YES;
				MACOSX_DEPLOYMENT_TARGET = 10.8;
				SDKROOT = macosx;
			};
			name = Release;
		};
		EBFE0763174790E2005E5C25 /* Debug */ = {
			isa = XCBuildConfiguration;
			buildSettings = {
				GCC_VERSION = com.apple.compilers.llvmgcc42;
				GCC_WARN_UNINITIALIZED_AUTOS = NO;
				PRODUCT_NAME = "$(TARGET_NAME)";
			};
			name = Debug;
		};
		EBFE0764174790E2005E5C25 /* Release */ = {
			isa = XCBuildConfiguration;
			buildSettings = {
				GCC_VERSION = com.apple.compilers.llvmgcc42;
				GCC_WARN_UNINITIALIZED_AUTOS = NO;
				PRODUCT_NAME = "$(TARGET_NAME)";
			};
			name = Release;
		};
/* End XCBuildConfiguration section */

/* Begin XCConfigurationList section */
		EBFE0754174790E2005E5C25 /* Build configuration list for PBXProject "Strings" */ = {
			isa = XCConfigurationList;
			buildConfigurations = (
				EBFE0760174790E2005E5C25 /* Debug */,
				EBFE0761174790E2005E5C25 /* Release */,
			);
			defaultConfigurationIsVisible = 0;
			defaultConfigurationName = Release;
		};
		EBFE0762174790E2005E5C25 /* Build configuration list for PBXNativeTarget "Strings" */ = {
			isa = XCConfigurationList;
			buildConfigurations = (
				EBFE0763174790E2005E5C25 /* Debug */,
				EBFE0764174790E2005E5C25 /* Release */,
			);
			defaultConfigurationIsVisible = 0;
			defaultConfigurationName = Release;
		};
/* End XCConfigurationList section */
	};
	rootObject = EBFE0751174790E2005E5C25 /* Project object */;
}
